
Microsoft Visual Studio Solution File, Format Version 12.00
# Visual Studio Version 17
VisualStudioVersion = 17.8.34330.188
MinimumVisualStudioVersion = 10.0.40219.1
Project("{9A19103F-16F7-4668-BE54-9A1E7A4F7556}") = "ConsoleApp", "ConsoleApp1\ConsoleApp.csproj", "{70964C8A-700B-4C3B-8B75-4B5CBFDBD3C1}"
EndProject
Project("{9A19103F-16F7-4668-BE54-9A1E7A4F7556}") = "ClassLibrary.SimulationFramework", "ClassLibrary1.SimulationFramework\ClassLibrary.SimulationFramework.csproj", "{982E309B-34EF-46FB-BC37-70769CA02A46}"
EndProject
Global
	GlobalSection(SolutionConfigurationPlatforms) = preSolution
		Debug|Any CPU = Debug|Any CPU
		Release|Any CPU = Release|Any CPU
	EndGlobalSection
	GlobalSection(ProjectConfigurationPlatforms) = postSolution
		{70964C8A-700B-4C3B-8B75-4B5CBFDBD3C1}.Debug|Any CPU.ActiveCfg = Debug|Any CPU
		{70964C8A-700B-4C3B-8B75-4B5CBFDBD3C1}.Debug|Any CPU.Build.0 = Debug|Any CPU
		{70964C8A-700B-4C3B-8B75-4B5CBFDBD3C1}.Release|Any CPU.ActiveCfg = Release|Any CPU
		{70964C8A-700B-4C3B-8B75-4B5CBFDBD3C1}.Release|Any CPU.Build.0 = Release|Any CPU
		{982E309B-34EF-46FB-BC37-70769CA02A46}.Debug|Any CPU.ActiveCfg = Debug|Any CPU
		{982E309B-34EF-46FB-BC37-70769CA02A46}.Debug|Any CPU.Build.0 = Debug|Any CPU
		{982E309B-34EF-46FB-BC37-70769CA02A46}.Release|Any CPU.ActiveCfg = Release|Any CPU
		{982E309B-34EF-46FB-BC37-70769CA02A46}.Release|Any CPU.Build.0 = Release|Any CPU
	EndGlobalSection
	GlobalSection(SolutionProperties) = preSolution
		HideSolutionNode = FALSE
	EndGlobalSection
	GlobalSection(ExtensibilityGlobals) = postSolution
		SolutionGuid = {8B3EEDFA-E0ED-4BB2-849D-250F7ABFB2DA}
	EndGlobalSection
EndGlobal
